// !$*UTF8*$!
{
	archiveVersion = 1;
	classes = {
	};
	objectVersion = 56;
	objects = {

/* Begin PBXBuildFile section */
		3E13FF3E2C6CA94C00D49E9F /* Double.swift in Sources */ = {isa = PBXBuildFile; fileRef = 3E13FF3D2C6CA94C00D49E9F /* Double.swift */; };
		3E5DCDC92C286D36008BDBDF /* cryptOprotfoliOApp.swift in Sources */ = {isa = PBXBuildFile; fileRef = 3E5DCDC82C286D36008BDBDF /* cryptOprotfoliOApp.swift */; };
		3E5DCDCB2C286D36008BDBDF /* ContentView.swift in Sources */ = {isa = PBXBuildFile; fileRef = 3E5DCDCA2C286D36008BDBDF /* ContentView.swift */; };
		3E5DCDD02C286D38008BDBDF /* Preview Assets.xcassets in Resources */ = {isa = PBXBuildFile; fileRef = 3E5DCDCF2C286D38008BDBDF /* Preview Assets.xcassets */; };
		3E5DCDD72C286EB7008BDBDF /* Assets.xcassets in Resources */ = {isa = PBXBuildFile; fileRef = 3E5DCDD62C286EB7008BDBDF /* Assets.xcassets */; };
		3E5DCDDA2C287219008BDBDF /* Color.swift in Sources */ = {isa = PBXBuildFile; fileRef = 3E5DCDD92C287219008BDBDF /* Color.swift */; };
		3E5DCDE02C2878D3008BDBDF /* Homeiew.swift in Sources */ = {isa = PBXBuildFile; fileRef = 3E5DCDDF2C2878D3008BDBDF /* Homeiew.swift */; };
		3E5DCDE42C287BF2008BDBDF /* CircleButtonView.swift in Sources */ = {isa = PBXBuildFile; fileRef = 3E5DCDE32C287BF2008BDBDF /* CircleButtonView.swift */; };
		3E9192DF2C2C6E4C003A6042 /* CircleButtonAnimationView.swift in Sources */ = {isa = PBXBuildFile; fileRef = 3E9192DE2C2C6E4C003A6042 /* CircleButtonAnimationView.swift */; };
		3EB880C72C319D2E00C834CC /* CoinModel.swift in Sources */ = {isa = PBXBuildFile; fileRef = 3EB880C62C319D2E00C834CC /* CoinModel.swift */; };
		3EB880C92C31A15800C834CC /* CoinRowView.swift in Sources */ = {isa = PBXBuildFile; fileRef = 3EB880C82C31A15800C834CC /* CoinRowView.swift */; };
		3EB880CB2C31A2CA00C834CC /* PreviewProvider.swift in Sources */ = {isa = PBXBuildFile; fileRef = 3EB880CA2C31A2CA00C834CC /* PreviewProvider.swift */; };
/* End PBXBuildFile section */

/* Begin PBXFileReference section */
		3E13FF3D2C6CA94C00D49E9F /* Double.swift */ = {isa = PBXFileReference; lastKnownFileType = sourcecode.swift; path = Double.swift; sourceTree = "<group>"; };
		3E5DCDC52C286D36008BDBDF /* cryptOprotfoliO.app */ = {isa = PBXFileReference; explicitFileType = wrapper.application; includeInIndex = 0; path = cryptOprotfoliO.app; sourceTree = BUILT_PRODUCTS_DIR; };
		3E5DCDC82C286D36008BDBDF /* cryptOprotfoliOApp.swift */ = {isa = PBXFileReference; lastKnownFileType = sourcecode.swift; path = cryptOprotfoliOApp.swift; sourceTree = "<group>"; };
		3E5DCDCA2C286D36008BDBDF /* ContentView.swift */ = {isa = PBXFileReference; lastKnownFileType = sourcecode.swift; path = ContentView.swift; sourceTree = "<group>"; };
		3E5DCDCF2C286D38008BDBDF /* Preview Assets.xcassets */ = {isa = PBXFileReference; lastKnownFileType = folder.assetcatalog; path = "Preview Assets.xcassets"; sourceTree = "<group>"; };
		3E5DCDD62C286EB7008BDBDF /* Assets.xcassets */ = {isa = PBXFileReference; lastKnownFileType = folder.assetcatalog; name = Assets.xcassets; path = "../../../SwiftUI-Crypto-MVVM-CoreData-Combine-main/Resources/Assets.xcassets"; sourceTree = "<group>"; };
		3E5DCDD92C287219008BDBDF /* Color.swift */ = {isa = PBXFileReference; lastKnownFileType = sourcecode.swift; path = Color.swift; sourceTree = "<group>"; };
		3E5DCDDF2C2878D3008BDBDF /* Homeiew.swift */ = {isa = PBXFileReference; lastKnownFileType = sourcecode.swift; path = Homeiew.swift; sourceTree = "<group>"; };
		3E5DCDE32C287BF2008BDBDF /* CircleButtonView.swift */ = {isa = PBXFileReference; lastKnownFileType = sourcecode.swift; path = CircleButtonView.swift; sourceTree = "<group>"; };
		3E9192DE2C2C6E4C003A6042 /* CircleButtonAnimationView.swift */ = {isa = PBXFileReference; lastKnownFileType = sourcecode.swift; path = CircleButtonAnimationView.swift; sourceTree = "<group>"; };
		3EB880C62C319D2E00C834CC /* CoinModel.swift */ = {isa = PBXFileReference; fileEncoding = 4; lastKnownFileType = sourcecode.swift; name = CoinModel.swift; path = "../../../../SwiftUI-Crypto-MVVM-CoreData-Combine-main/Resources/Models/CoinModel.swift"; sourceTree = "<group>"; };
		3EB880C82C31A15800C834CC /* CoinRowView.swift */ = {isa = PBXFileReference; lastKnownFileType = sourcecode.swift; path = CoinRowView.swift; sourceTree = "<group>"; };
		3EB880CA2C31A2CA00C834CC /* PreviewProvider.swift */ = {isa = PBXFileReference; lastKnownFileType = sourcecode.swift; path = PreviewProvider.swift; sourceTree = "<group>"; };
/* End PBXFileReference section */

/* Begin PBXFrameworksBuildPhase section */
		3E5DCDC22C286D36008BDBDF /* Frameworks */ = {
			isa = PBXFrameworksBuildPhase;
			buildActionMask = 2147483647;
			files = (
			);
			runOnlyForDeploymentPostprocessing = 0;
		};
/* End PBXFrameworksBuildPhase section */

/* Begin PBXGroup section */
		3E5DCDBC2C286D36008BDBDF = {
			isa = PBXGroup;
			children = (
				3E5DCDC72C286D36008BDBDF /* cryptOprotfoliO */,
				3E5DCDC62C286D36008BDBDF /* Products */,
			);
			sourceTree = "<group>";
		};
		3E5DCDC62C286D36008BDBDF /* Products */ = {
			isa = PBXGroup;
			children = (
				3E5DCDC52C286D36008BDBDF /* cryptOprotfoliO.app */,
			);
			name = Products;
			sourceTree = "<group>";
		};
		3E5DCDC72C286D36008BDBDF /* cryptOprotfoliO */ = {
			isa = PBXGroup;
			children = (
				3E5DCDC82C286D36008BDBDF /* cryptOprotfoliOApp.swift */,
				3E5DCDCA2C286D36008BDBDF /* ContentView.swift */,
				3E5DCDD82C287183008BDBDF /* Extensions */,
				3E9192E02C2C74C3003A6042 /* Models */,
				3E5DCDDB2C28782A008BDBDF /* Core */,
				3E5DCDD62C286EB7008BDBDF /* Assets.xcassets */,
				3E5DCDCE2C286D38008BDBDF /* Preview Content */,
			);
			path = cryptOprotfoliO;
			sourceTree = "<group>";
		};
		3E5DCDCE2C286D38008BDBDF /* Preview Content */ = {
			isa = PBXGroup;
			children = (
				3E5DCDCF2C286D38008BDBDF /* Preview Assets.xcassets */,
			);
			path = "Preview Content";
			sourceTree = "<group>";
		};
		3E5DCDD82C287183008BDBDF /* Extensions */ = {
			isa = PBXGroup;
			children = (
				3E5DCDD92C287219008BDBDF /* Color.swift */,
				3EB880CA2C31A2CA00C834CC /* PreviewProvider.swift */,
				3E13FF3D2C6CA94C00D49E9F /* Double.swift */,
			);
			path = Extensions;
			sourceTree = "<group>";
		};
		3E5DCDDB2C28782A008BDBDF /* Core */ = {
			isa = PBXGroup;
			children = (
				3E5DCDE12C287BA0008BDBDF /* Components */,
				3E5DCDDC2C287860008BDBDF /* Home */,
			);
			path = Core;
			sourceTree = "<group>";
		};
		3E5DCDDC2C287860008BDBDF /* Home */ = {
			isa = PBXGroup;
			children = (
				3E5DCDDD2C287887008BDBDF /* ViewModels */,
				3E5DCDDE2C287894008BDBDF /* Views */,
			);
			path = Home;
			sourceTree = "<group>";
		};
		3E5DCDDD2C287887008BDBDF /* ViewModels */ = {
			isa = PBXGroup;
			children = (
			);
			path = ViewModels;
			sourceTree = "<group>";
		};
		3E5DCDDE2C287894008BDBDF /* Views */ = {
			isa = PBXGroup;
			children = (
				3E5DCDDF2C2878D3008BDBDF /* Homeiew.swift */,
				3EB880C82C31A15800C834CC /* CoinRowView.swift */,
			);
			path = Views;
			sourceTree = "<group>";
		};
		3E5DCDE12C287BA0008BDBDF /* Components */ = {
			isa = PBXGroup;
			children = (
				3E5DCDE22C287BC3008BDBDF /* CirleButton */,
			);
			path = Components;
			sourceTree = "<group>";
		};
		3E5DCDE22C287BC3008BDBDF /* CirleButton */ = {
			isa = PBXGroup;
			children = (
				3E5DCDE32C287BF2008BDBDF /* CircleButtonView.swift */,
				3E9192DE2C2C6E4C003A6042 /* CircleButtonAnimationView.swift */,
			);
			path = CirleButton;
			sourceTree = "<group>";
		};
		3E9192E02C2C74C3003A6042 /* Models */ = {
			isa = PBXGroup;
			children = (
				3EB880C62C319D2E00C834CC /* CoinModel.swift */,
			);
			path = Models;
			sourceTree = "<group>";
		};
/* End PBXGroup section */

/* Begin PBXNativeTarget section */
		3E5DCDC42C286D36008BDBDF /* cryptOprotfoliO */ = {
			isa = PBXNativeTarget;
			buildConfigurationList = 3E5DCDD32C286D38008BDBDF /* Build configuration list for PBXNativeTarget "cryptOprotfoliO" */;
			buildPhases = (
				3E5DCDC12C286D36008BDBDF /* Sources */,
				3E5DCDC22C286D36008BDBDF /* Frameworks */,
				3E5DCDC32C286D36008BDBDF /* Resources */,
			);
			buildRules = (
			);
			dependencies = (
			);
			name = cryptOprotfoliO;
			productName = cryptOprotfoliO;
			productReference = 3E5DCDC52C286D36008BDBDF /* cryptOprotfoliO.app */;
			productType = "com.apple.product-type.application";
		};
/* End PBXNativeTarget section */

/* Begin PBXProject section */
		3E5DCDBD2C286D36008BDBDF /* Project object */ = {
			isa = PBXProject;
			attributes = {
				BuildIndependentTargetsInParallel = 1;
				LastSwiftUpdateCheck = 1540;
				LastUpgradeCheck = 1540;
				TargetAttributes = {
					3E5DCDC42C286D36008BDBDF = {
						CreatedOnToolsVersion = 15.4;
					};
				};
			};
			buildConfigurationList = 3E5DCDC02C286D36008BDBDF /* Build configuration list for PBXProject "cryptOprotfoliO" */;
			compatibilityVersion = "Xcode 14.0";
			developmentRegion = en;
			hasScannedForEncodings = 0;
			knownRegions = (
				en,
				Base,
			);
			mainGroup = 3E5DCDBC2C286D36008BDBDF;
			productRefGroup = 3E5DCDC62C286D36008BDBDF /* Products */;
			projectDirPath = "";
			projectRoot = "";
			targets = (
				3E5DCDC42C286D36008BDBDF /* cryptOprotfoliO */,
			);
		};
/* End PBXProject section */

/* Begin PBXResourcesBuildPhase section */
		3E5DCDC32C286D36008BDBDF /* Resources */ = {
			isa = PBXResourcesBuildPhase;
			buildActionMask = 2147483647;
			files = (
				3E5DCDD02C286D38008BDBDF /* Preview Assets.xcassets in Resources */,
				3E5DCDD72C286EB7008BDBDF /* Assets.xcassets in Resources */,
			);
			runOnlyForDeploymentPostprocessing = 0;
		};
/* End PBXResourcesBuildPhase section */

/* Begin PBXSourcesBuildPhase section */
		3E5DCDC12C286D36008BDBDF /* Sources */ = {
			isa = PBXSourcesBuildPhase;
			buildActionMask = 2147483647;
			files = (
				3EB880C92C31A15800C834CC /* CoinRowView.swift in Sources */,
				3E5DCDCB2C286D36008BDBDF /* ContentView.swift in Sources */,
				3E5DCDC92C286D36008BDBDF /* cryptOprotfoliOApp.swift in Sources */,
				3E5DCDE02C2878D3008BDBDF /* Homeiew.swift in Sources */,
				3E5DCDE42C287BF2008BDBDF /* CircleButtonView.swift in Sources */,
				3EB880C72C319D2E00C834CC /* CoinModel.swift in Sources */,
				3E5DCDDA2C287219008BDBDF /* Color.swift in Sources */,
				3EB880CB2C31A2CA00C834CC /* PreviewProvider.swift in Sources */,
				3E13FF3E2C6CA94C00D49E9F /* Double.swift in Sources */,
				3E9192DF2C2C6E4C003A6042 /* CircleButtonAnimationView.swift in Sources */,
			);
			runOnlyForDeploymentPostprocessing = 0;
		};
/* End PBXSourcesBuildPhase section */

/* Begin XCBuildConfiguration section */
		3E5DCDD12C286D38008BDBDF /* Debug */ = {
			isa = XCBuildConfiguration;
			buildSettings = {
				ALWAYS_SEARCH_USER_PATHS = NO;
				ASSETCATALOG_COMPILER_GENERATE_SWIFT_ASSET_SYMBOL_EXTENSIONS = YES;
				CLANG_ANALYZER_NONNULL = YES;
				CLANG_ANALYZER_NUMBER_OBJECT_CONVERSION = YES_AGGRESSIVE;
				CLANG_CXX_LANGUAGE_STANDARD = "gnu++20";
				CLANG_ENABLE_MODULES = YES;
				CLANG_ENABLE_OBJC_ARC = YES;
				CLANG_ENABLE_OBJC_WEAK = YES;
				CLANG_WARN_BLOCK_CAPTURE_AUTORELEASING = YES;
				CLANG_WARN_BOOL_CONVERSION = YES;
				CLANG_WARN_COMMA = YES;
				CLANG_WARN_CONSTANT_CONVERSION = YES;
				CLANG_WARN_DEPRECATED_OBJC_IMPLEMENTATIONS = YES;
				CLANG_WARN_DIRECT_OBJC_ISA_USAGE = YES_ERROR;
				CLANG_WARN_DOCUMENTATION_COMMENTS = YES;
				CLANG_WARN_EMPTY_BODY = YES;
				CLANG_WARN_ENUM_CONVERSION = YES;
				CLANG_WARN_INFINITE_RECURSION = YES;
				CLANG_WARN_INT_CONVERSION = YES;
				CLANG_WARN_NON_LITERAL_NULL_CONVERSION = YES;
				CLANG_WARN_OBJC_IMPLICIT_RETAIN_SELF = YES;
				CLANG_WARN_OBJC_LITERAL_CONVERSION = YES;
				CLANG_WARN_OBJC_ROOT_CLASS = YES_ERROR;
				CLANG_WARN_QUOTED_INCLUDE_IN_FRAMEWORK_HEADER = YES;
				CLANG_WARN_RANGE_LOOP_ANALYSIS = YES;
				CLANG_WARN_STRICT_PROTOTYPES = YES;
				CLANG_WARN_SUSPICIOUS_MOVE = YES;
				CLANG_WARN_UNGUARDED_AVAILABILITY = YES_AGGRESSIVE;
				CLANG_WARN_UNREACHABLE_CODE = YES;
				CLANG_WARN__DUPLICATE_METHOD_MATCH = YES;
				COPY_PHASE_STRIP = NO;
				DEBUG_INFORMATION_FORMAT = dwarf;
				ENABLE_STRICT_OBJC_MSGSEND = YES;
				ENABLE_TESTABILITY = YES;
				ENABLE_USER_SCRIPT_SANDBOXING = YES;
				GCC_C_LANGUAGE_STANDARD = gnu17;
				GCC_DYNAMIC_NO_PIC = NO;
				GCC_NO_COMMON_BLOCKS = YES;
				GCC_OPTIMIZATION_LEVEL = 0;
				GCC_PREPROCESSOR_DEFINITIONS = (
					"DEBUG=1",
					"$(inherited)",
				);
				GCC_WARN_64_TO_32_BIT_CONVERSION = YES;
				GCC_WARN_ABOUT_RETURN_TYPE = YES_ERROR;
				GCC_WARN_UNDECLARED_SELECTOR = YES;
				GCC_WARN_UNINITIALIZED_AUTOS = YES_AGGRESSIVE;
				GCC_WARN_UNUSED_FUNCTION = YES;
				GCC_WARN_UNUSED_VARIABLE = YES;
				IPHONEOS_DEPLOYMENT_TARGET = 17.5;
				LOCALIZATION_PREFERS_STRING_CATALOGS = YES;
				MTL_ENABLE_DEBUG_INFO = INCLUDE_SOURCE;
				MTL_FAST_MATH = YES;
				ONLY_ACTIVE_ARCH = YES;
				SDKROOT = iphoneos;
				SWIFT_ACTIVE_COMPILATION_CONDITIONS = "DEBUG $(inherited)";
				SWIFT_OPTIMIZATION_LEVEL = "-Onone";
			};
			name = Debug;
		};
		3E5DCDD22C286D38008BDBDF /* Release */ = {
			isa = XCBuildConfiguration;
			buildSettings = {
				ALWAYS_SEARCH_USER_PATHS = NO;
				ASSETCATALOG_COMPILER_GENERATE_SWIFT_ASSET_SYMBOL_EXTENSIONS = YES;
				CLANG_ANALYZER_NONNULL = YES;
				CLANG_ANALYZER_NUMBER_OBJECT_CONVERSION = YES_AGGRESSIVE;
				CLANG_CXX_LANGUAGE_STANDARD = "gnu++20";
				CLANG_ENABLE_MODULES = YES;
				CLANG_ENABLE_OBJC_ARC = YES;
				CLANG_ENABLE_OBJC_WEAK = YES;
				CLANG_WARN_BLOCK_CAPTURE_AUTORELEASING = YES;
				CLANG_WARN_BOOL_CONVERSION = YES;
				CLANG_WARN_COMMA = YES;
				CLANG_WARN_CONSTANT_CONVERSION = YES;
				CLANG_WARN_DEPRECATED_OBJC_IMPLEMENTATIONS = YES;
				CLANG_WARN_DIRECT_OBJC_ISA_USAGE = YES_ERROR;
				CLANG_WARN_DOCUMENTATION_COMMENTS = YES;
				CLANG_WARN_EMPTY_BODY = YES;
				CLANG_WARN_ENUM_CONVERSION = YES;
				CLANG_WARN_INFINITE_RECURSION = YES;
				CLANG_WARN_INT_CONVERSION = YES;
				CLANG_WARN_NON_LITERAL_NULL_CONVERSION = YES;
				CLANG_WARN_OBJC_IMPLICIT_RETAIN_SELF = YES;
				CLANG_WARN_OBJC_LITERAL_CONVERSION = YES;
				CLANG_WARN_OBJC_ROOT_CLASS = YES_ERROR;
				CLANG_WARN_QUOTED_INCLUDE_IN_FRAMEWORK_HEADER = YES;
				CLANG_WARN_RANGE_LOOP_ANALYSIS = YES;
				CLANG_WARN_STRICT_PROTOTYPES = YES;
				CLANG_WARN_SUSPICIOUS_MOVE = YES;
				CLANG_WARN_UNGUARDED_AVAILABILITY = YES_AGGRESSIVE;
				CLANG_WARN_UNREACHABLE_CODE = YES;
				CLANG_WARN__DUPLICATE_METHOD_MATCH = YES;
				COPY_PHASE_STRIP = NO;
				DEBUG_INFORMATION_FORMAT = "dwarf-with-dsym";
				ENABLE_NS_ASSERTIONS = NO;
				ENABLE_STRICT_OBJC_MSGSEND = YES;
				ENABLE_USER_SCRIPT_SANDBOXING = YES;
				GCC_C_LANGUAGE_STANDARD = gnu17;
				GCC_NO_COMMON_BLOCKS = YES;
				GCC_WARN_64_TO_32_BIT_CONVERSION = YES;
				GCC_WARN_ABOUT_RETURN_TYPE = YES_ERROR;
				GCC_WARN_UNDECLARED_SELECTOR = YES;
				GCC_WARN_UNINITIALIZED_AUTOS = YES_AGGRESSIVE;
				GCC_WARN_UNUSED_FUNCTION = YES;
				GCC_WARN_UNUSED_VARIABLE = YES;
				IPHONEOS_DEPLOYMENT_TARGET = 17.5;
				LOCALIZATION_PREFERS_STRING_CATALOGS = YES;
				MTL_ENABLE_DEBUG_INFO = NO;
				MTL_FAST_MATH = YES;
				SDKROOT = iphoneos;
				SWIFT_COMPILATION_MODE = wholemodule;
				VALIDATE_PRODUCT = YES;
			};
			name = Release;
		};
		3E5DCDD42C286D38008BDBDF /* Debug */ = {
			isa = XCBuildConfiguration;
			buildSettings = {
				ASSETCATALOG_COMPILER_APPICON_NAME = AppIcon;
				ASSETCATALOG_COMPILER_GLOBAL_ACCENT_COLOR_NAME = AccentColor;
				CODE_SIGN_STYLE = Automatic;
				CURRENT_PROJECT_VERSION = 1;
				DEVELOPMENT_ASSET_PATHS = "\"cryptOprotfoliO/Preview Content\"";
				DEVELOPMENT_TEAM = Z5PMG3SLMW;
				ENABLE_PREVIEWS = YES;
				GENERATE_INFOPLIST_FILE = YES;
				INFOPLIST_KEY_CFBundleDisplayName = "My Crypto Tracker ";
				INFOPLIST_KEY_UIApplicationSceneManifest_Generation = YES;
				INFOPLIST_KEY_UIApplicationSupportsIndirectInputEvents = YES;
				INFOPLIST_KEY_UILaunchScreen_Generation = YES;
				INFOPLIST_KEY_UISupportedInterfaceOrientations = UIInterfaceOrientationPortrait;
				INFOPLIST_KEY_UISupportedInterfaceOrientations_iPad = "UIInterfaceOrientationPortrait UIInterfaceOrientationPortraitUpsideDown";
				IPHONEOS_DEPLOYMENT_TARGET = 16.0;
				LD_RUNPATH_SEARCH_PATHS = (
					"$(inherited)",
					"@executable_path/Frameworks",
				);
				MARKETING_VERSION = 1.0;
				PRODUCT_BUNDLE_IDENTIFIER = com.jf.cryptOprotfoliO;
				PRODUCT_NAME = "$(TARGET_NAME)";
				SWIFT_EMIT_LOC_STRINGS = YES;
				SWIFT_VERSION = 5.0;
				TARGETED_DEVICE_FAMILY = "1,2";
			};
			name = Debug;
		};
		3E5DCDD52C286D38008BDBDF /* Release */ = {
			isa = XCBuildConfiguration;
			buildSettings = {
				ASSETCATALOG_COMPILER_APPICON_NAME = AppIcon;
				ASSETCATALOG_COMPILER_GLOBAL_ACCENT_COLOR_NAME = AccentColor;
				CODE_SIGN_STYLE = Automatic;
				CURRENT_PROJECT_VERSION = 1;
				DEVELOPMENT_ASSET_PATHS = "\"cryptOprotfoliO/Preview Content\"";
				DEVELOPMENT_TEAM = Z5PMG3SLMW;
				ENABLE_PREVIEWS = YES;
				GENERATE_INFOPLIST_FILE = YES;
				INFOPLIST_KEY_CFBundleDisplayName = "My Crypto Tracker ";
				INFOPLIST_KEY_UIApplicationSceneManifest_Generation = YES;
				INFOPLIST_KEY_UIApplicationSupportsIndirectInputEvents = YES;
				INFOPLIST_KEY_UILaunchScreen_Generation = YES;
				INFOPLIST_KEY_UISupportedInterfaceOrientations = UIInterfaceOrientationPortrait;
				INFOPLIST_KEY_UISupportedInterfaceOrientations_iPad = "UIInterfaceOrientationPortrait UIInterfaceOrientationPortraitUpsideDown";
				IPHONEOS_DEPLOYMENT_TARGET = 16.0;
				LD_RUNPATH_SEARCH_PATHS = (
					"$(inherited)",
					"@executable_path/Frameworks",
				);
				MARKETING_VERSION = 1.0;
				PRODUCT_BUNDLE_IDENTIFIER = com.jf.cryptOprotfoliO;
				PRODUCT_NAME = "$(TARGET_NAME)";
				SWIFT_EMIT_LOC_STRINGS = YES;
				SWIFT_VERSION = 5.0;
				TARGETED_DEVICE_FAMILY = "1,2";
			};
			name = Release;
		};
/* End XCBuildConfiguration section */

/* Begin XCConfigurationList section */
		3E5DCDC02C286D36008BDBDF /* Build configuration list for PBXProject "cryptOprotfoliO" */ = {
			isa = XCConfigurationList;
			buildConfigurations = (
				3E5DCDD12C286D38008BDBDF /* Debug */,
				3E5DCDD22C286D38008BDBDF /* Release */,
			);
			defaultConfigurationIsVisible = 0;
			defaultConfigurationName = Release;
		};
		3E5DCDD32C286D38008BDBDF /* Build configuration list for PBXNativeTarget "cryptOprotfoliO" */ = {
			isa = XCConfigurationList;
			buildConfigurations = (
				3E5DCDD42C286D38008BDBDF /* Debug */,
				3E5DCDD52C286D38008BDBDF /* Release */,
			);
			defaultConfigurationIsVisible = 0;
			defaultConfigurationName = Release;
		};
/* End XCConfigurationList section */
	};
	rootObject = 3E5DCDBD2C286D36008BDBDF /* Project object */;
}
